
Microsoft Visual Studio Solution File, Format Version 12.00
# Visual Studio Version 17
VisualStudioVersion = 17.5.33424.131
MinimumVisualStudioVersion = 10.0.40219.1
Project("{9A19103F-16F7-4668-BE54-9A1E7A4F7556}") = "Canducci.MongoDB.Repository", "Canducci.MongoDB.Repository\Canducci.MongoDB.Repository.csproj", "{F3D3FA19-596F-4EE9-9F43-142D3A88A1E6}"
EndProject
Project("{9A19103F-16F7-4668-BE54-9A1E7A4F7556}") = "Canducci.MongoDB.Repository.UnitTest", "Canducci.MongoDB.Repository.UnitTest\Canducci.MongoDB.Repository.UnitTest.csproj", "{3C15CCEE-748B-4E76-A04D-E57B4853708D}"
EndProject
Project("{2150E333-8FDC-42A3-9474-1A3956D46DE8}") = "Web", "Web", "{1D8EFE0C-BD99-4105-8656-F9025D5609C7}"
EndProject
Project("{9A19103F-16F7-4668-BE54-9A1E7A4F7556}") = "WebApp", "WebApp\WebApp.csproj", "{B44514CB-8544-4A5C-972A-B04CDA613DEA}"
EndProject
Project("{2150E333-8FDC-42A3-9474-1A3956D46DE8}") = "Solution Items", "Solution Items", "{05BEB31A-CA9A-4D5F-BDB9-7B03C7731DA8}"
	ProjectSection(SolutionItems) = preProject
		README.md = README.md
	EndProjectSection
EndProject
Project("{FAE04EC0-301F-11D3-BF4B-00C04F79EFBC}") = "WebAPI", "WebAPI\WebAPI.csproj", "{9FC700BA-D7AA-4EE8-8F5B-E1B2D4A1BC83}"
EndProject
Global
	GlobalSection(SolutionConfigurationPlatforms) = preSolution
		Debug|Any CPU = Debug|Any CPU
		Release|Any CPU = Release|Any CPU
	EndGlobalSection
	GlobalSection(ProjectConfigurationPlatforms) = postSolution
		{F3D3FA19-596F-4EE9-9F43-142D3A88A1E6}.Debug|Any CPU.ActiveCfg = Debug|Any CPU
		{F3D3FA19-596F-4EE9-9F43-142D3A88A1E6}.Debug|Any CPU.Build.0 = Debug|Any CPU
		{F3D3FA19-596F-4EE9-9F43-142D3A88A1E6}.Release|Any CPU.ActiveCfg = Release|Any CPU
		{F3D3FA19-596F-4EE9-9F43-142D3A88A1E6}.Release|Any CPU.Build.0 = Release|Any CPU
		{3C15CCEE-748B-4E76-A04D-E57B4853708D}.Debug|Any CPU.ActiveCfg = Debug|Any CPU
		{3C15CCEE-748B-4E76-A04D-E57B4853708D}.Debug|Any CPU.Build.0 = Debug|Any CPU
		{3C15CCEE-748B-4E76-A04D-E57B4853708D}.Release|Any CPU.ActiveCfg = Release|Any CPU
		{3C15CCEE-748B-4E76-A04D-E57B4853708D}.Release|Any CPU.Build.0 = Release|Any CPU
		{B44514CB-8544-4A5C-972A-B04CDA613DEA}.Debug|Any CPU.ActiveCfg = Debug|Any CPU
		{B44514CB-8544-4A5C-972A-B04CDA613DEA}.Debug|Any CPU.Build.0 = Debug|Any CPU
		{B44514CB-8544-4A5C-972A-B04CDA613DEA}.Release|Any CPU.ActiveCfg = Release|Any CPU
		{B44514CB-8544-4A5C-972A-B04CDA613DEA}.Release|Any CPU.Build.0 = Release|Any CPU
		{9FC700BA-D7AA-4EE8-8F5B-E1B2D4A1BC83}.Debug|Any CPU.ActiveCfg = Debug|Any CPU
		{9FC700BA-D7AA-4EE8-8F5B-E1B2D4A1BC83}.Debug|Any CPU.Build.0 = Debug|Any CPU
		{9FC700BA-D7AA-4EE8-8F5B-E1B2D4A1BC83}.Release|Any CPU.ActiveCfg = Release|Any CPU
		{9FC700BA-D7AA-4EE8-8F5B-E1B2D4A1BC83}.Release|Any CPU.Build.0 = Release|Any CPU
	EndGlobalSection
	GlobalSection(SolutionProperties) = preSolution
		HideSolutionNode = FALSE
	EndGlobalSection
	GlobalSection(NestedProjects) = preSolution
		{B44514CB-8544-4A5C-972A-B04CDA613DEA} = {1D8EFE0C-BD99-4105-8656-F9025D5609C7}
		{9FC700BA-D7AA-4EE8-8F5B-E1B2D4A1BC83} = {1D8EFE0C-BD99-4105-8656-F9025D5609C7}
	EndGlobalSection
	GlobalSection(ExtensibilityGlobals) = postSolution
		SolutionGuid = {6D9C0A63-81E4-40DF-A955-5D6493036EDC}
	EndGlobalSection
EndGlobal
